
Microsoft Visual Studio Solution File, Format Version 12.00
# Visual Studio Version 16
VisualStudioVersion = 16.0.31402.337
MinimumVisualStudioVersion = 10.0.40219.1
Project("{FAE04EC0-301F-11D3-BF4B-00C04F79EFBC}") = "ConsoleApp1", "ConsoleApp1\ConsoleApp1.csproj", "{7D8B65CC-CF8E-4484-9A2E-886A968D1DCD}"
EndProject
Global
	GlobalSection(SolutionConfigurationPlatforms) = preSolution
		Debug|Any CPU = Debug|Any CPU
		Release|Any CPU = Release|Any CPU
	EndGlobalSection
	GlobalSection(ProjectConfigurationPlatforms) = postSolution
		{7D8B65CC-CF8E-4484-9A2E-886A968D1DCD}.Debug|Any CPU.ActiveCfg = Debug|Any CPU
		{7D8B65CC-CF8E-4484-9A2E-886A968D1DCD}.Debug|Any CPU.Build.0 = Debug|Any CPU
		{7D8B65CC-CF8E-4484-9A2E-886A968D1DCD}.Release|Any CPU.ActiveCfg = Release|Any CPU
		{7D8B65CC-CF8E-4484-9A2E-886A968D1DCD}.Release|Any CPU.Build.0 = Release|Any CPU
	EndGlobalSection
	GlobalSection(SolutionProperties) = preSolution
		HideSolutionNode = FALSE
	EndGlobalSection
	GlobalSection(ExtensibilityGlobals) = postSolution
		SolutionGuid = {8C1392D6-D749-471F-9CCF-F69496A56CD5}
	EndGlobalSection
EndGlobal
